
Microsoft Visual Studio Solution File, Format Version 10.00
# Visual C# Express 2008
Project("{FAE04EC0-301F-11D3-BF4B-00C04F79EFBC}") = "IBikeFixerPlugin", "IBikeFixerPlugin.csproj", "{19753A5B-B44B-46DF-88CE-4D1A5648DF4E}"
EndProject
Global
	GlobalSection(SolutionConfigurationPlatforms) = preSolution
		ST2.1Debug|Any CPU = ST2.1Debug|Any CPU
		ST2.1Release|Any CPU = ST2.1Release|Any CPU
		ST3.0Debug|Any CPU = ST3.0Debug|Any CPU
		ST3.0Release|Any CPU = ST3.0Release|Any CPU
	EndGlobalSection
	GlobalSection(ProjectConfigurationPlatforms) = postSolution
		{19753A5B-B44B-46DF-88CE-4D1A5648DF4E}.ST2.1Debug|Any CPU.ActiveCfg = ST2.1Release|Any CPU
		{19753A5B-B44B-46DF-88CE-4D1A5648DF4E}.ST2.1Release|Any CPU.ActiveCfg = ST2.1Release|Any CPU
		{19753A5B-B44B-46DF-88CE-4D1A5648DF4E}.ST3.0Debug|Any CPU.ActiveCfg = ST3.0Debug|Any CPU
		{19753A5B-B44B-46DF-88CE-4D1A5648DF4E}.ST3.0Release|Any CPU.ActiveCfg = ST3.0Release|Any CPU
	EndGlobalSection
	GlobalSection(SolutionProperties) = preSolution
		HideSolutionNode = FALSE
	EndGlobalSection
EndGlobal
